
Microsoft Visual Studio Solution File, Format Version 12.00
# Visual Studio Version 17
VisualStudioVersion = 17.5.002.0
MinimumVisualStudioVersion = 10.0.40219.1
Project("{9A19103F-16F7-4668-BE54-9A1E7A4F7556}") = "Task_1", "Task_1\Task_1.csproj", "{F89BF43A-5971-413C-AA60-79E84FD3C6E2}"
EndProject
Global
	GlobalSection(SolutionConfigurationPlatforms) = preSolution
		Debug|Any CPU = Debug|Any CPU
		Release|Any CPU = Release|Any CPU
	EndGlobalSection
	GlobalSection(ProjectConfigurationPlatforms) = postSolution
		{F89BF43A-5971-413C-AA60-79E84FD3C6E2}.Debug|Any CPU.ActiveCfg = Debug|Any CPU
		{F89BF43A-5971-413C-AA60-79E84FD3C6E2}.Debug|Any CPU.Build.0 = Debug|Any CPU
		{F89BF43A-5971-413C-AA60-79E84FD3C6E2}.Release|Any CPU.ActiveCfg = Release|Any CPU
		{F89BF43A-5971-413C-AA60-79E84FD3C6E2}.Release|Any CPU.Build.0 = Release|Any CPU
	EndGlobalSection
	GlobalSection(SolutionProperties) = preSolution
		HideSolutionNode = FALSE
	EndGlobalSection
	GlobalSection(ExtensibilityGlobals) = postSolution
		SolutionGuid = {B495EFE2-0982-4A7D-9B6B-A7E3FB9D8D27}
	EndGlobalSection
EndGlobal
